
Microsoft Visual Studio Solution File, Format Version 12.00
# Visual Studio Version 17
VisualStudioVersion = 17.0.31912.275
MinimumVisualStudioVersion = 10.0.40219.1
Project("{FAE04EC0-301F-11D3-BF4B-00C04F79EFBC}") = "teste1", "teste\teste1.csproj", "{2B057315-A0EF-47AA-95A6-DE987EB04DBC}"
EndProject
Project("{FAE04EC0-301F-11D3-BF4B-00C04F79EFBC}") = "teste2", "teste\teste2\teste2.csproj", "{89E5E0F3-0056-46A2-9BD7-8B1705FEA7EC}"
EndProject
Project("{FAE04EC0-301F-11D3-BF4B-00C04F79EFBC}") = "teste3", "teste3\teste3.csproj", "{9CFA905D-9377-4C85-B3C2-FFCA91838232}"
EndProject
Project("{FAE04EC0-301F-11D3-BF4B-00C04F79EFBC}") = "teste4", "teste4\teste4.csproj", "{E1756064-FECF-449B-AD34-B59DC4C46F4E}"
EndProject
Project("{FAE04EC0-301F-11D3-BF4B-00C04F79EFBC}") = "teste5", "teste5\teste5.csproj", "{9EC40373-EE70-4DA9-AA10-00C1BB9566DB}"
EndProject
Global
	GlobalSection(SolutionConfigurationPlatforms) = preSolution
		Debug|Any CPU = Debug|Any CPU
		Release|Any CPU = Release|Any CPU
	EndGlobalSection
	GlobalSection(ProjectConfigurationPlatforms) = postSolution
		{2B057315-A0EF-47AA-95A6-DE987EB04DBC}.Debug|Any CPU.ActiveCfg = Debug|Any CPU
		{2B057315-A0EF-47AA-95A6-DE987EB04DBC}.Debug|Any CPU.Build.0 = Debug|Any CPU
		{2B057315-A0EF-47AA-95A6-DE987EB04DBC}.Release|Any CPU.ActiveCfg = Release|Any CPU
		{2B057315-A0EF-47AA-95A6-DE987EB04DBC}.Release|Any CPU.Build.0 = Release|Any CPU
		{89E5E0F3-0056-46A2-9BD7-8B1705FEA7EC}.Debug|Any CPU.ActiveCfg = Debug|Any CPU
		{89E5E0F3-0056-46A2-9BD7-8B1705FEA7EC}.Debug|Any CPU.Build.0 = Debug|Any CPU
		{89E5E0F3-0056-46A2-9BD7-8B1705FEA7EC}.Release|Any CPU.ActiveCfg = Release|Any CPU
		{89E5E0F3-0056-46A2-9BD7-8B1705FEA7EC}.Release|Any CPU.Build.0 = Release|Any CPU
		{9CFA905D-9377-4C85-B3C2-FFCA91838232}.Debug|Any CPU.ActiveCfg = Debug|Any CPU
		{9CFA905D-9377-4C85-B3C2-FFCA91838232}.Debug|Any CPU.Build.0 = Debug|Any CPU
		{9CFA905D-9377-4C85-B3C2-FFCA91838232}.Release|Any CPU.ActiveCfg = Release|Any CPU
		{9CFA905D-9377-4C85-B3C2-FFCA91838232}.Release|Any CPU.Build.0 = Release|Any CPU
		{E1756064-FECF-449B-AD34-B59DC4C46F4E}.Debug|Any CPU.ActiveCfg = Debug|Any CPU
		{E1756064-FECF-449B-AD34-B59DC4C46F4E}.Debug|Any CPU.Build.0 = Debug|Any CPU
		{E1756064-FECF-449B-AD34-B59DC4C46F4E}.Release|Any CPU.ActiveCfg = Release|Any CPU
		{E1756064-FECF-449B-AD34-B59DC4C46F4E}.Release|Any CPU.Build.0 = Release|Any CPU
		{9EC40373-EE70-4DA9-AA10-00C1BB9566DB}.Debug|Any CPU.ActiveCfg = Debug|Any CPU
		{9EC40373-EE70-4DA9-AA10-00C1BB9566DB}.Debug|Any CPU.Build.0 = Debug|Any CPU
		{9EC40373-EE70-4DA9-AA10-00C1BB9566DB}.Release|Any CPU.ActiveCfg = Release|Any CPU
		{9EC40373-EE70-4DA9-AA10-00C1BB9566DB}.Release|Any CPU.Build.0 = Release|Any CPU
	EndGlobalSection
	GlobalSection(SolutionProperties) = preSolution
		HideSolutionNode = FALSE
	EndGlobalSection
	GlobalSection(ExtensibilityGlobals) = postSolution
		SolutionGuid = {01DCDF2E-7578-49F6-B486-131DB61F01DD}
	EndGlobalSection
EndGlobal
